// !$*UTF8*$!
{
	archiveVersion = 1;
	classes = {
	};
	objectVersion = 56;
	objects = {

/* Begin PBXBuildFile section */
		A4100B662AFC5211007C1DE2 /* SampleList.json in Resources */ = {isa = PBXBuildFile; fileRef = A4100B652AFC5211007C1DE2 /* SampleList.json */; };
		A4100B682AFC54C5007C1DE2 /* JSONReader.swift in Sources */ = {isa = PBXBuildFile; fileRef = A4100B672AFC54C5007C1DE2 /* JSONReader.swift */; };
		A4100B6A2AFC566F007C1DE2 /* NetworkMocks.swift in Sources */ = {isa = PBXBuildFile; fileRef = A4100B692AFC566F007C1DE2 /* NetworkMocks.swift */; };
		A4100B6C2AFC5B83007C1DE2 /* MealDetailSuccessTests.swift in Sources */ = {isa = PBXBuildFile; fileRef = A4100B6B2AFC5B83007C1DE2 /* MealDetailSuccessTests.swift */; };
		A44D46842AFECCE900584600 /* SampleDessertDetail.json in Resources */ = {isa = PBXBuildFile; fileRef = A44D46832AFECCE900584600 /* SampleDessertDetail.json */; };
		A44D46862AFEEF8300584600 /* DessertFailureTests.swift in Sources */ = {isa = PBXBuildFile; fileRef = A44D46852AFEEF8300584600 /* DessertFailureTests.swift */; };
		A44D46882AFEF29000584600 /* MealDetailFailureTests.swift in Sources */ = {isa = PBXBuildFile; fileRef = A44D46872AFEF29000584600 /* MealDetailFailureTests.swift */; };
		A456AAC42B01A30600BB641A /* DessertDetailEmpty.json in Resources */ = {isa = PBXBuildFile; fileRef = A456AAC32B01A30600BB641A /* DessertDetailEmpty.json */; };
		A456AAC62B01AD8500BB641A /* MealDetailEmptyTests.swift in Sources */ = {isa = PBXBuildFile; fileRef = A456AAC52B01AD8500BB641A /* MealDetailEmptyTests.swift */; };
		A48912702AF80D3400840025 /* DessertListItem.swift in Sources */ = {isa = PBXBuildFile; fileRef = A489126F2AF80D3400840025 /* DessertListItem.swift */; };
		A48912732AF843FD00840025 /* Endpoint.swift in Sources */ = {isa = PBXBuildFile; fileRef = A48912722AF843FD00840025 /* Endpoint.swift */; };
		A48912752AF8461B00840025 /* NetworkManager.swift in Sources */ = {isa = PBXBuildFile; fileRef = A48912742AF8461B00840025 /* NetworkManager.swift */; };
		A4ACD5772AF700A500C4B0B8 /* FetchiOSTakeHomeApp.swift in Sources */ = {isa = PBXBuildFile; fileRef = A4ACD5762AF700A500C4B0B8 /* FetchiOSTakeHomeApp.swift */; };
		A4ACD57B2AF700A900C4B0B8 /* Assets.xcassets in Resources */ = {isa = PBXBuildFile; fileRef = A4ACD57A2AF700A900C4B0B8 /* Assets.xcassets */; };
		A4ACD57E2AF700A900C4B0B8 /* Preview Assets.xcassets in Resources */ = {isa = PBXBuildFile; fileRef = A4ACD57D2AF700A900C4B0B8 /* Preview Assets.xcassets */; };
		A4ACD5882AF700AA00C4B0B8 /* DessertSuccessTests.swift in Sources */ = {isa = PBXBuildFile; fileRef = A4ACD5872AF700AA00C4B0B8 /* DessertSuccessTests.swift */; };
		A4ACD5922AF700AA00C4B0B8 /* FetchiOSTakeHomeUITests.swift in Sources */ = {isa = PBXBuildFile; fileRef = A4ACD5912AF700AA00C4B0B8 /* FetchiOSTakeHomeUITests.swift */; };
		A4ACD5942AF700AA00C4B0B8 /* FetchiOSTakeHomeUITestsLaunchTests.swift in Sources */ = {isa = PBXBuildFile; fileRef = A4ACD5932AF700AA00C4B0B8 /* FetchiOSTakeHomeUITestsLaunchTests.swift */; };
		A4ACD5A22AF7067700C4B0B8 /* DessertView.swift in Sources */ = {isa = PBXBuildFile; fileRef = A4ACD5A12AF7067700C4B0B8 /* DessertView.swift */; };
		A4ACD5A42AF7069100C4B0B8 /* DessertViewModel.swift in Sources */ = {isa = PBXBuildFile; fileRef = A4ACD5A32AF7069100C4B0B8 /* DessertViewModel.swift */; };
		A4ACD5A82AF706F600C4B0B8 /* MealDetailView.swift in Sources */ = {isa = PBXBuildFile; fileRef = A4ACD5A72AF706F600C4B0B8 /* MealDetailView.swift */; };
		A4ACD5AA2AF7070B00C4B0B8 /* MealDetailViewModel.swift in Sources */ = {isa = PBXBuildFile; fileRef = A4ACD5A92AF7070B00C4B0B8 /* MealDetailViewModel.swift */; };
		A4ACD5AC2AF7078300C4B0B8 /* DessertModel.swift in Sources */ = {isa = PBXBuildFile; fileRef = A4ACD5AB2AF7078300C4B0B8 /* DessertModel.swift */; };
		A4ACD5AE2AF7079800C4B0B8 /* MealDetailModel.swift in Sources */ = {isa = PBXBuildFile; fileRef = A4ACD5AD2AF7079800C4B0B8 /* MealDetailModel.swift */; };
/* End PBXBuildFile section */

/* Begin PBXContainerItemProxy section */
		A4ACD5842AF700AA00C4B0B8 /* PBXContainerItemProxy */ = {
			isa = PBXContainerItemProxy;
			containerPortal = A4ACD56B2AF700A500C4B0B8 /* Project object */;
			proxyType = 1;
			remoteGlobalIDString = A4ACD5722AF700A500C4B0B8;
			remoteInfo = FetchiOSTakeHome;
		};
		A4ACD58E2AF700AA00C4B0B8 /* PBXContainerItemProxy */ = {
			isa = PBXContainerItemProxy;
			containerPortal = A4ACD56B2AF700A500C4B0B8 /* Project object */;
			proxyType = 1;
			remoteGlobalIDString = A4ACD5722AF700A500C4B0B8;
			remoteInfo = FetchiOSTakeHome;
		};
/* End PBXContainerItemProxy section */

/* Begin PBXFileReference section */
		A4100B652AFC5211007C1DE2 /* SampleList.json */ = {isa = PBXFileReference; lastKnownFileType = text.json; path = SampleList.json; sourceTree = "<group>"; };
		A4100B672AFC54C5007C1DE2 /* JSONReader.swift */ = {isa = PBXFileReference; lastKnownFileType = sourcecode.swift; path = JSONReader.swift; sourceTree = "<group>"; };
		A4100B692AFC566F007C1DE2 /* NetworkMocks.swift */ = {isa = PBXFileReference; lastKnownFileType = sourcecode.swift; path = NetworkMocks.swift; sourceTree = "<group>"; };
		A4100B6B2AFC5B83007C1DE2 /* MealDetailSuccessTests.swift */ = {isa = PBXFileReference; lastKnownFileType = sourcecode.swift; path = MealDetailSuccessTests.swift; sourceTree = "<group>"; };
		A44D46832AFECCE900584600 /* SampleDessertDetail.json */ = {isa = PBXFileReference; lastKnownFileType = text.json; path = SampleDessertDetail.json; sourceTree = "<group>"; };
		A44D46852AFEEF8300584600 /* DessertFailureTests.swift */ = {isa = PBXFileReference; lastKnownFileType = sourcecode.swift; path = DessertFailureTests.swift; sourceTree = "<group>"; };
		A44D46872AFEF29000584600 /* MealDetailFailureTests.swift */ = {isa = PBXFileReference; lastKnownFileType = sourcecode.swift; path = MealDetailFailureTests.swift; sourceTree = "<group>"; };
		A456AAC32B01A30600BB641A /* DessertDetailEmpty.json */ = {isa = PBXFileReference; lastKnownFileType = text.json; path = DessertDetailEmpty.json; sourceTree = "<group>"; };
		A456AAC52B01AD8500BB641A /* MealDetailEmptyTests.swift */ = {isa = PBXFileReference; lastKnownFileType = sourcecode.swift; path = MealDetailEmptyTests.swift; sourceTree = "<group>"; };
		A489126F2AF80D3400840025 /* DessertListItem.swift */ = {isa = PBXFileReference; lastKnownFileType = sourcecode.swift; path = DessertListItem.swift; sourceTree = "<group>"; };
		A48912722AF843FD00840025 /* Endpoint.swift */ = {isa = PBXFileReference; lastKnownFileType = sourcecode.swift; path = Endpoint.swift; sourceTree = "<group>"; };
		A48912742AF8461B00840025 /* NetworkManager.swift */ = {isa = PBXFileReference; lastKnownFileType = sourcecode.swift; path = NetworkManager.swift; sourceTree = "<group>"; };
		A4ACD5732AF700A500C4B0B8 /* FetchiOSTakeHome.app */ = {isa = PBXFileReference; explicitFileType = wrapper.application; includeInIndex = 0; path = FetchiOSTakeHome.app; sourceTree = BUILT_PRODUCTS_DIR; };
		A4ACD5762AF700A500C4B0B8 /* FetchiOSTakeHomeApp.swift */ = {isa = PBXFileReference; lastKnownFileType = sourcecode.swift; path = FetchiOSTakeHomeApp.swift; sourceTree = "<group>"; };
		A4ACD57A2AF700A900C4B0B8 /* Assets.xcassets */ = {isa = PBXFileReference; lastKnownFileType = folder.assetcatalog; path = Assets.xcassets; sourceTree = "<group>"; };
		A4ACD57D2AF700A900C4B0B8 /* Preview Assets.xcassets */ = {isa = PBXFileReference; lastKnownFileType = folder.assetcatalog; path = "Preview Assets.xcassets"; sourceTree = "<group>"; };
		A4ACD5832AF700AA00C4B0B8 /* FetchiOSTakeHomeTests.xctest */ = {isa = PBXFileReference; explicitFileType = wrapper.cfbundle; includeInIndex = 0; path = FetchiOSTakeHomeTests.xctest; sourceTree = BUILT_PRODUCTS_DIR; };
		A4ACD5872AF700AA00C4B0B8 /* DessertSuccessTests.swift */ = {isa = PBXFileReference; lastKnownFileType = sourcecode.swift; path = DessertSuccessTests.swift; sourceTree = "<group>"; };
		A4ACD58D2AF700AA00C4B0B8 /* FetchiOSTakeHomeUITests.xctest */ = {isa = PBXFileReference; explicitFileType = wrapper.cfbundle; includeInIndex = 0; path = FetchiOSTakeHomeUITests.xctest; sourceTree = BUILT_PRODUCTS_DIR; };
		A4ACD5912AF700AA00C4B0B8 /* FetchiOSTakeHomeUITests.swift */ = {isa = PBXFileReference; lastKnownFileType = sourcecode.swift; path = FetchiOSTakeHomeUITests.swift; sourceTree = "<group>"; };
		A4ACD5932AF700AA00C4B0B8 /* FetchiOSTakeHomeUITestsLaunchTests.swift */ = {isa = PBXFileReference; lastKnownFileType = sourcecode.swift; path = FetchiOSTakeHomeUITestsLaunchTests.swift; sourceTree = "<group>"; };
		A4ACD5A12AF7067700C4B0B8 /* DessertView.swift */ = {isa = PBXFileReference; lastKnownFileType = sourcecode.swift; path = DessertView.swift; sourceTree = "<group>"; };
		A4ACD5A32AF7069100C4B0B8 /* DessertViewModel.swift */ = {isa = PBXFileReference; lastKnownFileType = sourcecode.swift; path = DessertViewModel.swift; sourceTree = "<group>"; };
		A4ACD5A72AF706F600C4B0B8 /* MealDetailView.swift */ = {isa = PBXFileReference; lastKnownFileType = sourcecode.swift; path = MealDetailView.swift; sourceTree = "<group>"; };
		A4ACD5A92AF7070B00C4B0B8 /* MealDetailViewModel.swift */ = {isa = PBXFileReference; lastKnownFileType = sourcecode.swift; path = MealDetailViewModel.swift; sourceTree = "<group>"; };
		A4ACD5AB2AF7078300C4B0B8 /* DessertModel.swift */ = {isa = PBXFileReference; lastKnownFileType = sourcecode.swift; path = DessertModel.swift; sourceTree = "<group>"; };
		A4ACD5AD2AF7079800C4B0B8 /* MealDetailModel.swift */ = {isa = PBXFileReference; lastKnownFileType = sourcecode.swift; path = MealDetailModel.swift; sourceTree = "<group>"; };
/* End PBXFileReference section */

/* Begin PBXFrameworksBuildPhase section */
		A4ACD5702AF700A500C4B0B8 /* Frameworks */ = {
			isa = PBXFrameworksBuildPhase;
			buildActionMask = 2147483647;
			files = (
			);
			runOnlyForDeploymentPostprocessing = 0;
		};
		A4ACD5802AF700AA00C4B0B8 /* Frameworks */ = {
			isa = PBXFrameworksBuildPhase;
			buildActionMask = 2147483647;
			files = (
			);
			runOnlyForDeploymentPostprocessing = 0;
		};
		A4ACD58A2AF700AA00C4B0B8 /* Frameworks */ = {
			isa = PBXFrameworksBuildPhase;
			buildActionMask = 2147483647;
			files = (
			);
			runOnlyForDeploymentPostprocessing = 0;
		};
/* End PBXFrameworksBuildPhase section */

/* Begin PBXGroup section */
		A44D46892AFEF44E00584600 /* Views */ = {
			isa = PBXGroup;
			children = (
				A4ACD5A12AF7067700C4B0B8 /* DessertView.swift */,
				A489126F2AF80D3400840025 /* DessertListItem.swift */,
			);
			path = Views;
			sourceTree = "<group>";
		};
		A44D468A2AFEF49400584600 /* Desserts */ = {
			isa = PBXGroup;
			children = (
				A44D46852AFEEF8300584600 /* DessertFailureTests.swift */,
				A4ACD5872AF700AA00C4B0B8 /* DessertSuccessTests.swift */,
			);
			path = Desserts;
			sourceTree = "<group>";
		};
		A44D468B2AFEF4A300584600 /* MealDetails */ = {
			isa = PBXGroup;
			children = (
				A4100B6B2AFC5B83007C1DE2 /* MealDetailSuccessTests.swift */,
				A44D46872AFEF29000584600 /* MealDetailFailureTests.swift */,
				A456AAC52B01AD8500BB641A /* MealDetailEmptyTests.swift */,
			);
			path = MealDetails;
			sourceTree = "<group>";
		};
		A48912712AF843F100840025 /* API */ = {
			isa = PBXGroup;
			children = (
				A48912722AF843FD00840025 /* Endpoint.swift */,
				A48912742AF8461B00840025 /* NetworkManager.swift */,
				A4100B652AFC5211007C1DE2 /* SampleList.json */,
				A4100B672AFC54C5007C1DE2 /* JSONReader.swift */,
				A44D46832AFECCE900584600 /* SampleDessertDetail.json */,
				A456AAC32B01A30600BB641A /* DessertDetailEmpty.json */,
			);
			path = API;
			sourceTree = "<group>";
		};
		A4ACD56A2AF700A500C4B0B8 = {
			isa = PBXGroup;
			children = (
				A4ACD5752AF700A500C4B0B8 /* FetchiOSTakeHome */,
				A4ACD5862AF700AA00C4B0B8 /* FetchiOSTakeHomeTests */,
				A4ACD5902AF700AA00C4B0B8 /* FetchiOSTakeHomeUITests */,
				A4ACD5742AF700A500C4B0B8 /* Products */,
			);
			sourceTree = "<group>";
		};
		A4ACD5742AF700A500C4B0B8 /* Products */ = {
			isa = PBXGroup;
			children = (
				A4ACD5732AF700A500C4B0B8 /* FetchiOSTakeHome.app */,
				A4ACD5832AF700AA00C4B0B8 /* FetchiOSTakeHomeTests.xctest */,
				A4ACD58D2AF700AA00C4B0B8 /* FetchiOSTakeHomeUITests.xctest */,
			);
			name = Products;
			sourceTree = "<group>";
		};
		A4ACD5752AF700A500C4B0B8 /* FetchiOSTakeHome */ = {
			isa = PBXGroup;
			children = (
				A48912712AF843F100840025 /* API */,
				A4ACD5A62AF706E600C4B0B8 /* MealDetail */,
				A4ACD5A02AF7065F00C4B0B8 /* Dessert */,
				A4ACD5762AF700A500C4B0B8 /* FetchiOSTakeHomeApp.swift */,
				A4ACD57A2AF700A900C4B0B8 /* Assets.xcassets */,
				A4ACD57C2AF700A900C4B0B8 /* Preview Content */,
			);
			path = FetchiOSTakeHome;
			sourceTree = "<group>";
		};
		A4ACD57C2AF700A900C4B0B8 /* Preview Content */ = {
			isa = PBXGroup;
			children = (
				A4ACD57D2AF700A900C4B0B8 /* Preview Assets.xcassets */,
			);
			path = "Preview Content";
			sourceTree = "<group>";
		};
		A4ACD5862AF700AA00C4B0B8 /* FetchiOSTakeHomeTests */ = {
			isa = PBXGroup;
			children = (
				A44D468B2AFEF4A300584600 /* MealDetails */,
				A44D468A2AFEF49400584600 /* Desserts */,
				A4100B692AFC566F007C1DE2 /* NetworkMocks.swift */,
			);
			path = FetchiOSTakeHomeTests;
			sourceTree = "<group>";
		};
		A4ACD5902AF700AA00C4B0B8 /* FetchiOSTakeHomeUITests */ = {
			isa = PBXGroup;
			children = (
				A4ACD5912AF700AA00C4B0B8 /* FetchiOSTakeHomeUITests.swift */,
				A4ACD5932AF700AA00C4B0B8 /* FetchiOSTakeHomeUITestsLaunchTests.swift */,
			);
			path = FetchiOSTakeHomeUITests;
			sourceTree = "<group>";
		};
		A4ACD5A02AF7065F00C4B0B8 /* Dessert */ = {
			isa = PBXGroup;
			children = (
				A44D46892AFEF44E00584600 /* Views */,
				A4ACD5A32AF7069100C4B0B8 /* DessertViewModel.swift */,
				A4ACD5AB2AF7078300C4B0B8 /* DessertModel.swift */,
			);
			path = Dessert;
			sourceTree = "<group>";
		};
		A4ACD5A62AF706E600C4B0B8 /* MealDetail */ = {
			isa = PBXGroup;
			children = (
				A4ACD5A72AF706F600C4B0B8 /* MealDetailView.swift */,
				A4ACD5A92AF7070B00C4B0B8 /* MealDetailViewModel.swift */,
				A4ACD5AD2AF7079800C4B0B8 /* MealDetailModel.swift */,
			);
			path = MealDetail;
			sourceTree = "<group>";
		};
/* End PBXGroup section */

/* Begin PBXNativeTarget section */
		A4ACD5722AF700A500C4B0B8 /* FetchiOSTakeHome */ = {
			isa = PBXNativeTarget;
			buildConfigurationList = A4ACD5972AF700AA00C4B0B8 /* Build configuration list for PBXNativeTarget "FetchiOSTakeHome" */;
			buildPhases = (
				A4ACD56F2AF700A500C4B0B8 /* Sources */,
				A4ACD5702AF700A500C4B0B8 /* Frameworks */,
				A4ACD5712AF700A500C4B0B8 /* Resources */,
			);
			buildRules = (
			);
			dependencies = (
			);
			name = FetchiOSTakeHome;
			productName = FetchiOSTakeHome;
			productReference = A4ACD5732AF700A500C4B0B8 /* FetchiOSTakeHome.app */;
			productType = "com.apple.product-type.application";
		};
		A4ACD5822AF700AA00C4B0B8 /* FetchiOSTakeHomeTests */ = {
			isa = PBXNativeTarget;
			buildConfigurationList = A4ACD59A2AF700AA00C4B0B8 /* Build configuration list for PBXNativeTarget "FetchiOSTakeHomeTests" */;
			buildPhases = (
				A4ACD57F2AF700AA00C4B0B8 /* Sources */,
				A4ACD5802AF700AA00C4B0B8 /* Frameworks */,
				A4ACD5812AF700AA00C4B0B8 /* Resources */,
			);
			buildRules = (
			);
			dependencies = (
				A4ACD5852AF700AA00C4B0B8 /* PBXTargetDependency */,
			);
			name = FetchiOSTakeHomeTests;
			productName = FetchiOSTakeHomeTests;
			productReference = A4ACD5832AF700AA00C4B0B8 /* FetchiOSTakeHomeTests.xctest */;
			productType = "com.apple.product-type.bundle.unit-test";
		};
		A4ACD58C2AF700AA00C4B0B8 /* FetchiOSTakeHomeUITests */ = {
			isa = PBXNativeTarget;
			buildConfigurationList = A4ACD59D2AF700AA00C4B0B8 /* Build configuration list for PBXNativeTarget "FetchiOSTakeHomeUITests" */;
			buildPhases = (
				A4ACD5892AF700AA00C4B0B8 /* Sources */,
				A4ACD58A2AF700AA00C4B0B8 /* Frameworks */,
				A4ACD58B2AF700AA00C4B0B8 /* Resources */,
			);
			buildRules = (
			);
			dependencies = (
				A4ACD58F2AF700AA00C4B0B8 /* PBXTargetDependency */,
			);
			name = FetchiOSTakeHomeUITests;
			productName = FetchiOSTakeHomeUITests;
			productReference = A4ACD58D2AF700AA00C4B0B8 /* FetchiOSTakeHomeUITests.xctest */;
			productType = "com.apple.product-type.bundle.ui-testing";
		};
/* End PBXNativeTarget section */

/* Begin PBXProject section */
		A4ACD56B2AF700A500C4B0B8 /* Project object */ = {
			isa = PBXProject;
			attributes = {
				BuildIndependentTargetsInParallel = 1;
				LastSwiftUpdateCheck = 1420;
				LastUpgradeCheck = 1420;
				TargetAttributes = {
					A4ACD5722AF700A500C4B0B8 = {
						CreatedOnToolsVersion = 14.2;
					};
					A4ACD5822AF700AA00C4B0B8 = {
						CreatedOnToolsVersion = 14.2;
						TestTargetID = A4ACD5722AF700A500C4B0B8;
					};
					A4ACD58C2AF700AA00C4B0B8 = {
						CreatedOnToolsVersion = 14.2;
						TestTargetID = A4ACD5722AF700A500C4B0B8;
					};
				};
			};
			buildConfigurationList = A4ACD56E2AF700A500C4B0B8 /* Build configuration list for PBXProject "FetchiOSTakeHome" */;
			compatibilityVersion = "Xcode 14.0";
			developmentRegion = en;
			hasScannedForEncodings = 0;
			knownRegions = (
				en,
				Base,
			);
			mainGroup = A4ACD56A2AF700A500C4B0B8;
			productRefGroup = A4ACD5742AF700A500C4B0B8 /* Products */;
			projectDirPath = "";
			projectRoot = "";
			targets = (
				A4ACD5722AF700A500C4B0B8 /* FetchiOSTakeHome */,
				A4ACD5822AF700AA00C4B0B8 /* FetchiOSTakeHomeTests */,
				A4ACD58C2AF700AA00C4B0B8 /* FetchiOSTakeHomeUITests */,
			);
		};
/* End PBXProject section */

/* Begin PBXResourcesBuildPhase section */
		A4ACD5712AF700A500C4B0B8 /* Resources */ = {
			isa = PBXResourcesBuildPhase;
			buildActionMask = 2147483647;
			files = (
				A4100B662AFC5211007C1DE2 /* SampleList.json in Resources */,
				A4ACD57E2AF700A900C4B0B8 /* Preview Assets.xcassets in Resources */,
				A4ACD57B2AF700A900C4B0B8 /* Assets.xcassets in Resources */,
				A456AAC42B01A30600BB641A /* DessertDetailEmpty.json in Resources */,
				A44D46842AFECCE900584600 /* SampleDessertDetail.json in Resources */,
			);
			runOnlyForDeploymentPostprocessing = 0;
		};
		A4ACD5812AF700AA00C4B0B8 /* Resources */ = {
			isa = PBXResourcesBuildPhase;
			buildActionMask = 2147483647;
			files = (
			);
			runOnlyForDeploymentPostprocessing = 0;
		};
		A4ACD58B2AF700AA00C4B0B8 /* Resources */ = {
			isa = PBXResourcesBuildPhase;
			buildActionMask = 2147483647;
			files = (
			);
			runOnlyForDeploymentPostprocessing = 0;
		};
/* End PBXResourcesBuildPhase section */

/* Begin PBXSourcesBuildPhase section */
		A4ACD56F2AF700A500C4B0B8 /* Sources */ = {
			isa = PBXSourcesBuildPhase;
			buildActionMask = 2147483647;
			files = (
				A4100B682AFC54C5007C1DE2 /* JSONReader.swift in Sources */,
				A4ACD5772AF700A500C4B0B8 /* FetchiOSTakeHomeApp.swift in Sources */,
				A4ACD5A22AF7067700C4B0B8 /* DessertView.swift in Sources */,
				A4ACD5AE2AF7079800C4B0B8 /* MealDetailModel.swift in Sources */,
				A48912752AF8461B00840025 /* NetworkManager.swift in Sources */,
				A48912732AF843FD00840025 /* Endpoint.swift in Sources */,
				A4ACD5A82AF706F600C4B0B8 /* MealDetailView.swift in Sources */,
				A4ACD5AA2AF7070B00C4B0B8 /* MealDetailViewModel.swift in Sources */,
				A4ACD5AC2AF7078300C4B0B8 /* DessertModel.swift in Sources */,
				A4ACD5A42AF7069100C4B0B8 /* DessertViewModel.swift in Sources */,
				A48912702AF80D3400840025 /* DessertListItem.swift in Sources */,
			);
			runOnlyForDeploymentPostprocessing = 0;
		};
		A4ACD57F2AF700AA00C4B0B8 /* Sources */ = {
			isa = PBXSourcesBuildPhase;
			buildActionMask = 2147483647;
			files = (
				A44D46882AFEF29000584600 /* MealDetailFailureTests.swift in Sources */,
				A4100B6C2AFC5B83007C1DE2 /* MealDetailSuccessTests.swift in Sources */,
				A4100B6A2AFC566F007C1DE2 /* NetworkMocks.swift in Sources */,
				A44D46862AFEEF8300584600 /* DessertFailureTests.swift in Sources */,
				A4ACD5882AF700AA00C4B0B8 /* DessertSuccessTests.swift in Sources */,
				A456AAC62B01AD8500BB641A /* MealDetailEmptyTests.swift in Sources */,
			);
			runOnlyForDeploymentPostprocessing = 0;
		};
		A4ACD5892AF700AA00C4B0B8 /* Sources */ = {
			isa = PBXSourcesBuildPhase;
			buildActionMask = 2147483647;
			files = (
				A4ACD5922AF700AA00C4B0B8 /* FetchiOSTakeHomeUITests.swift in Sources */,
				A4ACD5942AF700AA00C4B0B8 /* FetchiOSTakeHomeUITestsLaunchTests.swift in Sources */,
			);
			runOnlyForDeploymentPostprocessing = 0;
		};
/* End PBXSourcesBuildPhase section */

/* Begin PBXTargetDependency section */
		A4ACD5852AF700AA00C4B0B8 /* PBXTargetDependency */ = {
			isa = PBXTargetDependency;
			target = A4ACD5722AF700A500C4B0B8 /* FetchiOSTakeHome */;
			targetProxy = A4ACD5842AF700AA00C4B0B8 /* PBXContainerItemProxy */;
		};
		A4ACD58F2AF700AA00C4B0B8 /* PBXTargetDependency */ = {
			isa = PBXTargetDependency;
			target = A4ACD5722AF700A500C4B0B8 /* FetchiOSTakeHome */;
			targetProxy = A4ACD58E2AF700AA00C4B0B8 /* PBXContainerItemProxy */;
		};
/* End PBXTargetDependency section */

/* Begin XCBuildConfiguration section */
		A4ACD5952AF700AA00C4B0B8 /* Debug */ = {
			isa = XCBuildConfiguration;
			buildSettings = {
				ALWAYS_SEARCH_USER_PATHS = NO;
				CLANG_ANALYZER_NONNULL = YES;
				CLANG_ANALYZER_NUMBER_OBJECT_CONVERSION = YES_AGGRESSIVE;
				CLANG_CXX_LANGUAGE_STANDARD = "gnu++20";
				CLANG_ENABLE_MODULES = YES;
				CLANG_ENABLE_OBJC_ARC = YES;
				CLANG_ENABLE_OBJC_WEAK = YES;
				CLANG_WARN_BLOCK_CAPTURE_AUTORELEASING = YES;
				CLANG_WARN_BOOL_CONVERSION = YES;
				CLANG_WARN_COMMA = YES;
				CLANG_WARN_CONSTANT_CONVERSION = YES;
				CLANG_WARN_DEPRECATED_OBJC_IMPLEMENTATIONS = YES;
				CLANG_WARN_DIRECT_OBJC_ISA_USAGE = YES_ERROR;
				CLANG_WARN_DOCUMENTATION_COMMENTS = YES;
				CLANG_WARN_EMPTY_BODY = YES;
				CLANG_WARN_ENUM_CONVERSION = YES;
				CLANG_WARN_INFINITE_RECURSION = YES;
				CLANG_WARN_INT_CONVERSION = YES;
				CLANG_WARN_NON_LITERAL_NULL_CONVERSION = YES;
				CLANG_WARN_OBJC_IMPLICIT_RETAIN_SELF = YES;
				CLANG_WARN_OBJC_LITERAL_CONVERSION = YES;
				CLANG_WARN_OBJC_ROOT_CLASS = YES_ERROR;
				CLANG_WARN_QUOTED_INCLUDE_IN_FRAMEWORK_HEADER = YES;
				CLANG_WARN_RANGE_LOOP_ANALYSIS = YES;
				CLANG_WARN_STRICT_PROTOTYPES = YES;
				CLANG_WARN_SUSPICIOUS_MOVE = YES;
				CLANG_WARN_UNGUARDED_AVAILABILITY = YES_AGGRESSIVE;
				CLANG_WARN_UNREACHABLE_CODE = YES;
				CLANG_WARN__DUPLICATE_METHOD_MATCH = YES;
				COPY_PHASE_STRIP = NO;
				DEBUG_INFORMATION_FORMAT = dwarf;
				ENABLE_STRICT_OBJC_MSGSEND = YES;
				ENABLE_TESTABILITY = YES;
				GCC_C_LANGUAGE_STANDARD = gnu11;
				GCC_DYNAMIC_NO_PIC = NO;
				GCC_NO_COMMON_BLOCKS = YES;
				GCC_OPTIMIZATION_LEVEL = 0;
				GCC_PREPROCESSOR_DEFINITIONS = (
					"DEBUG=1",
					"$(inherited)",
				);
				GCC_WARN_64_TO_32_BIT_CONVERSION = YES;
				GCC_WARN_ABOUT_RETURN_TYPE = YES_ERROR;
				GCC_WARN_UNDECLARED_SELECTOR = YES;
				GCC_WARN_UNINITIALIZED_AUTOS = YES_AGGRESSIVE;
				GCC_WARN_UNUSED_FUNCTION = YES;
				GCC_WARN_UNUSED_VARIABLE = YES;
				IPHONEOS_DEPLOYMENT_TARGET = 16.2;
				MTL_ENABLE_DEBUG_INFO = INCLUDE_SOURCE;
				MTL_FAST_MATH = YES;
				ONLY_ACTIVE_ARCH = YES;
				SDKROOT = iphoneos;
				SWIFT_ACTIVE_COMPILATION_CONDITIONS = DEBUG;
				SWIFT_OPTIMIZATION_LEVEL = "-Onone";
			};
			name = Debug;
		};
		A4ACD5962AF700AA00C4B0B8 /* Release */ = {
			isa = XCBuildConfiguration;
			buildSettings = {
				ALWAYS_SEARCH_USER_PATHS = NO;
				CLANG_ANALYZER_NONNULL = YES;
				CLANG_ANALYZER_NUMBER_OBJECT_CONVERSION = YES_AGGRESSIVE;
				CLANG_CXX_LANGUAGE_STANDARD = "gnu++20";
				CLANG_ENABLE_MODULES = YES;
				CLANG_ENABLE_OBJC_ARC = YES;
				CLANG_ENABLE_OBJC_WEAK = YES;
				CLANG_WARN_BLOCK_CAPTURE_AUTORELEASING = YES;
				CLANG_WARN_BOOL_CONVERSION = YES;
				CLANG_WARN_COMMA = YES;
				CLANG_WARN_CONSTANT_CONVERSION = YES;
				CLANG_WARN_DEPRECATED_OBJC_IMPLEMENTATIONS = YES;
				CLANG_WARN_DIRECT_OBJC_ISA_USAGE = YES_ERROR;
				CLANG_WARN_DOCUMENTATION_COMMENTS = YES;
				CLANG_WARN_EMPTY_BODY = YES;
				CLANG_WARN_ENUM_CONVERSION = YES;
				CLANG_WARN_INFINITE_RECURSION = YES;
				CLANG_WARN_INT_CONVERSION = YES;
				CLANG_WARN_NON_LITERAL_NULL_CONVERSION = YES;
				CLANG_WARN_OBJC_IMPLICIT_RETAIN_SELF = YES;
				CLANG_WARN_OBJC_LITERAL_CONVERSION = YES;
				CLANG_WARN_OBJC_ROOT_CLASS = YES_ERROR;
				CLANG_WARN_QUOTED_INCLUDE_IN_FRAMEWORK_HEADER = YES;
				CLANG_WARN_RANGE_LOOP_ANALYSIS = YES;
				CLANG_WARN_STRICT_PROTOTYPES = YES;
				CLANG_WARN_SUSPICIOUS_MOVE = YES;
				CLANG_WARN_UNGUARDED_AVAILABILITY = YES_AGGRESSIVE;
				CLANG_WARN_UNREACHABLE_CODE = YES;
				CLANG_WARN__DUPLICATE_METHOD_MATCH = YES;
				COPY_PHASE_STRIP = NO;
				DEBUG_INFORMATION_FORMAT = "dwarf-with-dsym";
				ENABLE_NS_ASSERTIONS = NO;
				ENABLE_STRICT_OBJC_MSGSEND = YES;
				GCC_C_LANGUAGE_STANDARD = gnu11;
				GCC_NO_COMMON_BLOCKS = YES;
				GCC_WARN_64_TO_32_BIT_CONVERSION = YES;
				GCC_WARN_ABOUT_RETURN_TYPE = YES_ERROR;
				GCC_WARN_UNDECLARED_SELECTOR = YES;
				GCC_WARN_UNINITIALIZED_AUTOS = YES_AGGRESSIVE;
				GCC_WARN_UNUSED_FUNCTION = YES;
				GCC_WARN_UNUSED_VARIABLE = YES;
				IPHONEOS_DEPLOYMENT_TARGET = 16.2;
				MTL_ENABLE_DEBUG_INFO = NO;
				MTL_FAST_MATH = YES;
				SDKROOT = iphoneos;
				SWIFT_COMPILATION_MODE = wholemodule;
				SWIFT_OPTIMIZATION_LEVEL = "-O";
				VALIDATE_PRODUCT = YES;
			};
			name = Release;
		};
		A4ACD5982AF700AA00C4B0B8 /* Debug */ = {
			isa = XCBuildConfiguration;
			buildSettings = {
				ASSETCATALOG_COMPILER_APPICON_NAME = AppIcon;
				ASSETCATALOG_COMPILER_GLOBAL_ACCENT_COLOR_NAME = AccentColor;
				CODE_SIGN_STYLE = Automatic;
				CURRENT_PROJECT_VERSION = 1;
				DEVELOPMENT_ASSET_PATHS = "\"FetchiOSTakeHome/Preview Content\"";
				DEVELOPMENT_TEAM = 5J8WEQMMF5;
				ENABLE_PREVIEWS = YES;
				GENERATE_INFOPLIST_FILE = YES;
				INFOPLIST_KEY_UIApplicationSceneManifest_Generation = YES;
				INFOPLIST_KEY_UIApplicationSupportsIndirectInputEvents = YES;
				INFOPLIST_KEY_UILaunchScreen_Generation = YES;
				INFOPLIST_KEY_UISupportedInterfaceOrientations_iPad = "UIInterfaceOrientationPortrait UIInterfaceOrientationPortraitUpsideDown UIInterfaceOrientationLandscapeLeft UIInterfaceOrientationLandscapeRight";
				INFOPLIST_KEY_UISupportedInterfaceOrientations_iPhone = "UIInterfaceOrientationPortrait UIInterfaceOrientationLandscapeLeft UIInterfaceOrientationLandscapeRight";
				LD_RUNPATH_SEARCH_PATHS = (
					"$(inherited)",
					"@executable_path/Frameworks",
				);
				MARKETING_VERSION = 1.0;
				PRODUCT_BUNDLE_IDENTIFIER = com.JW.FetchiOSTakeHome;
				PRODUCT_NAME = "$(TARGET_NAME)";
				SWIFT_EMIT_LOC_STRINGS = YES;
				SWIFT_VERSION = 5.0;
				TARGETED_DEVICE_FAMILY = "1,2";
			};
			name = Debug;
		};
		A4ACD5992AF700AA00C4B0B8 /* Release */ = {
			isa = XCBuildConfiguration;
			buildSettings = {
				ASSETCATALOG_COMPILER_APPICON_NAME = AppIcon;
				ASSETCATALOG_COMPILER_GLOBAL_ACCENT_COLOR_NAME = AccentColor;
				CODE_SIGN_STYLE = Automatic;
				CURRENT_PROJECT_VERSION = 1;
				DEVELOPMENT_ASSET_PATHS = "\"FetchiOSTakeHome/Preview Content\"";
				DEVELOPMENT_TEAM = 5J8WEQMMF5;
				ENABLE_PREVIEWS = YES;
				GENERATE_INFOPLIST_FILE = YES;
				INFOPLIST_KEY_UIApplicationSceneManifest_Generation = YES;
				INFOPLIST_KEY_UIApplicationSupportsIndirectInputEvents = YES;
				INFOPLIST_KEY_UILaunchScreen_Generation = YES;
				INFOPLIST_KEY_UISupportedInterfaceOrientations_iPad = "UIInterfaceOrientationPortrait UIInterfaceOrientationPortraitUpsideDown UIInterfaceOrientationLandscapeLeft UIInterfaceOrientationLandscapeRight";
				INFOPLIST_KEY_UISupportedInterfaceOrientations_iPhone = "UIInterfaceOrientationPortrait UIInterfaceOrientationLandscapeLeft UIInterfaceOrientationLandscapeRight";
				LD_RUNPATH_SEARCH_PATHS = (
					"$(inherited)",
					"@executable_path/Frameworks",
				);
				MARKETING_VERSION = 1.0;
				PRODUCT_BUNDLE_IDENTIFIER = com.JW.FetchiOSTakeHome;
				PRODUCT_NAME = "$(TARGET_NAME)";
				SWIFT_EMIT_LOC_STRINGS = YES;
				SWIFT_VERSION = 5.0;
				TARGETED_DEVICE_FAMILY = "1,2";
			};
			name = Release;
		};
		A4ACD59B2AF700AA00C4B0B8 /* Debug */ = {
			isa = XCBuildConfiguration;
			buildSettings = {
				ALWAYS_EMBED_SWIFT_STANDARD_LIBRARIES = YES;
				BUNDLE_LOADER = "$(TEST_HOST)";
				CODE_SIGN_STYLE = Automatic;
				CURRENT_PROJECT_VERSION = 1;
				DEVELOPMENT_TEAM = 5J8WEQMMF5;
				GENERATE_INFOPLIST_FILE = YES;
				IPHONEOS_DEPLOYMENT_TARGET = 16.2;
				MARKETING_VERSION = 1.0;
				PRODUCT_BUNDLE_IDENTIFIER = com.JW.FetchiOSTakeHomeTests;
				PRODUCT_NAME = "$(TARGET_NAME)";
				SWIFT_EMIT_LOC_STRINGS = NO;
				SWIFT_VERSION = 5.0;
				TARGETED_DEVICE_FAMILY = "1,2";
				TEST_HOST = "$(BUILT_PRODUCTS_DIR)/FetchiOSTakeHome.app/$(BUNDLE_EXECUTABLE_FOLDER_PATH)/FetchiOSTakeHome";
			};
			name = Debug;
		};
		A4ACD59C2AF700AA00C4B0B8 /* Release */ = {
			isa = XCBuildConfiguration;
			buildSettings = {
				ALWAYS_EMBED_SWIFT_STANDARD_LIBRARIES = YES;
				BUNDLE_LOADER = "$(TEST_HOST)";
				CODE_SIGN_STYLE = Automatic;
				CURRENT_PROJECT_VERSION = 1;
				DEVELOPMENT_TEAM = 5J8WEQMMF5;
				GENERATE_INFOPLIST_FILE = YES;
				IPHONEOS_DEPLOYMENT_TARGET = 16.2;
				MARKETING_VERSION = 1.0;
				PRODUCT_BUNDLE_IDENTIFIER = com.JW.FetchiOSTakeHomeTests;
				PRODUCT_NAME = "$(TARGET_NAME)";
				SWIFT_EMIT_LOC_STRINGS = NO;
				SWIFT_VERSION = 5.0;
				TARGETED_DEVICE_FAMILY = "1,2";
				TEST_HOST = "$(BUILT_PRODUCTS_DIR)/FetchiOSTakeHome.app/$(BUNDLE_EXECUTABLE_FOLDER_PATH)/FetchiOSTakeHome";
			};
			name = Release;
		};
		A4ACD59E2AF700AA00C4B0B8 /* Debug */ = {
			isa = XCBuildConfiguration;
			buildSettings = {
				ALWAYS_EMBED_SWIFT_STANDARD_LIBRARIES = YES;
				CODE_SIGN_STYLE = Automatic;
				CURRENT_PROJECT_VERSION = 1;
				DEVELOPMENT_TEAM = 5J8WEQMMF5;
				GENERATE_INFOPLIST_FILE = YES;
				MARKETING_VERSION = 1.0;
				PRODUCT_BUNDLE_IDENTIFIER = com.JW.FetchiOSTakeHomeUITests;
				PRODUCT_NAME = "$(TARGET_NAME)";
				SWIFT_EMIT_LOC_STRINGS = NO;
				SWIFT_VERSION = 5.0;
				TARGETED_DEVICE_FAMILY = "1,2";
				TEST_TARGET_NAME = FetchiOSTakeHome;
			};
			name = Debug;
		};
		A4ACD59F2AF700AA00C4B0B8 /* Release */ = {
			isa = XCBuildConfiguration;
			buildSettings = {
				ALWAYS_EMBED_SWIFT_STANDARD_LIBRARIES = YES;
				CODE_SIGN_STYLE = Automatic;
				CURRENT_PROJECT_VERSION = 1;
				DEVELOPMENT_TEAM = 5J8WEQMMF5;
				GENERATE_INFOPLIST_FILE = YES;
				MARKETING_VERSION = 1.0;
				PRODUCT_BUNDLE_IDENTIFIER = com.JW.FetchiOSTakeHomeUITests;
				PRODUCT_NAME = "$(TARGET_NAME)";
				SWIFT_EMIT_LOC_STRINGS = NO;
				SWIFT_VERSION = 5.0;
				TARGETED_DEVICE_FAMILY = "1,2";
				TEST_TARGET_NAME = FetchiOSTakeHome;
			};
			name = Release;
		};
/* End XCBuildConfiguration section */

/* Begin XCConfigurationList section */
		A4ACD56E2AF700A500C4B0B8 /* Build configuration list for PBXProject "FetchiOSTakeHome" */ = {
			isa = XCConfigurationList;
			buildConfigurations = (
				A4ACD5952AF700AA00C4B0B8 /* Debug */,
				A4ACD5962AF700AA00C4B0B8 /* Release */,
			);
			defaultConfigurationIsVisible = 0;
			defaultConfigurationName = Release;
		};
		A4ACD5972AF700AA00C4B0B8 /* Build configuration list for PBXNativeTarget "FetchiOSTakeHome" */ = {
			isa = XCConfigurationList;
			buildConfigurations = (
				A4ACD5982AF700AA00C4B0B8 /* Debug */,
				A4ACD5992AF700AA00C4B0B8 /* Release */,
			);
			defaultConfigurationIsVisible = 0;
			defaultConfigurationName = Release;
		};
		A4ACD59A2AF700AA00C4B0B8 /* Build configuration list for PBXNativeTarget "FetchiOSTakeHomeTests" */ = {
			isa = XCConfigurationList;
			buildConfigurations = (
				A4ACD59B2AF700AA00C4B0B8 /* Debug */,
				A4ACD59C2AF700AA00C4B0B8 /* Release */,
			);
			defaultConfigurationIsVisible = 0;
			defaultConfigurationName = Release;
		};
		A4ACD59D2AF700AA00C4B0B8 /* Build configuration list for PBXNativeTarget "FetchiOSTakeHomeUITests" */ = {
			isa = XCConfigurationList;
			buildConfigurations = (
				A4ACD59E2AF700AA00C4B0B8 /* Debug */,
				A4ACD59F2AF700AA00C4B0B8 /* Release */,
			);
			defaultConfigurationIsVisible = 0;
			defaultConfigurationName = Release;
		};
/* End XCConfigurationList section */
	};
	rootObject = A4ACD56B2AF700A500C4B0B8 /* Project object */;
}
